PODS:
  - Alamofire (5.5.0)
  - ANLoader (2.0.0)
  - IQKeyboardManagerSwift (6.5.9)
  - MessageInputBar (0.4.1):
    - MessageInputBar/Core (= 0.4.1)
  - MessageInputBar/Core (0.4.1)
  - PINCache (3.0.3):
    - PINCache/Arc-exception-safe (= 3.0.3)
    - PINCache/Core (= 3.0.3)
  - PINCache/Arc-exception-safe (3.0.3):
    - PINCache/Core
  - PINCache/Core (3.0.3):
    - PINOperation (~> 1.2.1)
  - PINOperation (1.2.1)
  - PINRemoteImage (3.0.3):
    - PINRemoteImage/PINCache (= 3.0.3)
  - PINRemoteImage/Core (3.0.3):
    - PINOperation
  - PINRemoteImage/PINCache (3.0.3):
    - PINCache (~> 3.0.3)
    - PINRemoteImage/Core
  - SwiftyJSON (5.0.1)
  - TagListView (1.4.1)

DEPENDENCIES:
  - Alamofire
  - ANLoader (from `https://github.com/ANSCoder/ANLoader.git`)
  - IQKeyboardManagerSwift
  - MessageInputBar
  - PINRemoteImage
  - SwiftyJSON
  - TagListView (~> 1.0)

SPEC REPOS:
  trunk:
    - Alamofire
    - IQKeyboardManagerSwift
    - MessageInputBar
    - PINCache
    - PINOperation
    - PINRemoteImage
    - SwiftyJSON
    - TagListView

EXTERNAL SOURCES:
  ANLoader:
    :git: https://github.com/ANSCoder/ANLoader.git

CHECKOUT OPTIONS:
  ANLoader:
    :commit: b45b12600a4dc693b83d88640e24ca0bb545fa79
    :git: https://github.com/ANSCoder/ANLoader.git

SPEC CHECKSUMS:
  Alamofire: 1c4fb5369c3fe93d2857c780d8bbe09f06f97e7c
  ANLoader: 25f4ed93f5d13678eb72a38c2f674acfcaba8205
  IQKeyboardManagerSwift: 6e839c575c4aa1078d58a596e41244e77abe918f
  MessageInputBar: e81c7535347f1f7b923de7080409a535a004b6e4
  PINCache: 7a8fc1a691173d21dbddbf86cd515de6efa55086
  PINOperation: 00c935935f1e8cf0d1e2d6b542e75b88fc3e5e20
  PINRemoteImage: f1295b29f8c5e640e25335a1b2bd9d805171bd01
  SwiftyJSON: 2f33a42c6fbc52764d96f13368585094bfd8aa5e
  TagListView: a1c236d17960a0cf64156725a76ce6d73ebce2be

PODFILE CHECKSUM: b5175f06f341ab672f2f55a425334063ce223f04

COCOAPODS: 1.11.2
