// !$*UTF8*$!
{
	archiveVersion = 1;
	classes = {
	};
	objectVersion = 55;
	objects = {

/* Begin PBXBuildFile section */
		26374EDB2886969700EB8932 /* TweeTextField in Frameworks */ = {isa = PBXBuildFile; productRef = 26374EDA2886969700EB8932 /* TweeTextField */; };
		264B7FEA2882A25900CA6848 /* AppDelegate.swift in Sources */ = {isa = PBXBuildFile; fileRef = 264B7FE92882A25900CA6848 /* AppDelegate.swift */; };
		264B7FEC2882A25900CA6848 /* SceneDelegate.swift in Sources */ = {isa = PBXBuildFile; fileRef = 264B7FEB2882A25900CA6848 /* SceneDelegate.swift */; };
		264B7FEE2882A25900CA6848 /* ViewController.swift in Sources */ = {isa = PBXBuildFile; fileRef = 264B7FED2882A25900CA6848 /* ViewController.swift */; };
		264B7FF12882A25900CA6848 /* Main.storyboard in Resources */ = {isa = PBXBuildFile; fileRef = 264B7FEF2882A25900CA6848 /* Main.storyboard */; };
		264B7FF32882A26300CA6848 /* Assets.xcassets in Resources */ = {isa = PBXBuildFile; fileRef = 264B7FF22882A26300CA6848 /* Assets.xcassets */; };
		264B7FF62882A26300CA6848 /* LaunchScreen.storyboard in Resources */ = {isa = PBXBuildFile; fileRef = 264B7FF42882A26300CA6848 /* LaunchScreen.storyboard */; };
		26810531288B1FED007BB7A6 /* FamChat2ViewController.swift in Sources */ = {isa = PBXBuildFile; fileRef = 26810530288B1FED007BB7A6 /* FamChat2ViewController.swift */; };
		26810534288B246C007BB7A6 /* CollaborationChatViewController.swift in Sources */ = {isa = PBXBuildFile; fileRef = 26810533288B246C007BB7A6 /* CollaborationChatViewController.swift */; };
		26810537288B25CF007BB7A6 /* SurveyWebViewController.swift in Sources */ = {isa = PBXBuildFile; fileRef = 26810536288B25CF007BB7A6 /* SurveyWebViewController.swift */; };
		26810539288B26CB007BB7A6 /* CollaborationReadyViewController.swift in Sources */ = {isa = PBXBuildFile; fileRef = 26810538288B26CB007BB7A6 /* CollaborationReadyViewController.swift */; };
		26C263E52883EC86005FCB68 /* Chat.swift in Sources */ = {isa = PBXBuildFile; fileRef = 26C263E22883EC86005FCB68 /* Chat.swift */; };
		26C263E62883EC86005FCB68 /* Message.swift in Sources */ = {isa = PBXBuildFile; fileRef = 26C263E32883EC86005FCB68 /* Message.swift */; };
		26C263E72883EC86005FCB68 /* DataStructure.swift in Sources */ = {isa = PBXBuildFile; fileRef = 26C263E42883EC86005FCB68 /* DataStructure.swift */; };
		26DFAA422882E30800ADEEE5 /* LoginViewController.swift in Sources */ = {isa = PBXBuildFile; fileRef = 26DFAA412882E30800ADEEE5 /* LoginViewController.swift */; };
		26DFAA452882E95900ADEEE5 /* Swiftagram in Frameworks */ = {isa = PBXBuildFile; productRef = 26DFAA442882E95900ADEEE5 /* Swiftagram */; };
		26DFAA472882E95900ADEEE5 /* SwiftagramCrypto in Frameworks */ = {isa = PBXBuildFile; productRef = 26DFAA462882E95900ADEEE5 /* SwiftagramCrypto */; };
		26DFAA492882F29100ADEEE5 /* TopicMatchingViewController.swift in Sources */ = {isa = PBXBuildFile; fileRef = 26DFAA482882F29100ADEEE5 /* TopicMatchingViewController.swift */; };
		26DFAA4C2882F4BD00ADEEE5 /* MessageKit in Frameworks */ = {isa = PBXBuildFile; productRef = 26DFAA4B2882F4BD00ADEEE5 /* MessageKit */; };
		26DFAA4F2882F5B600ADEEE5 /* FamChat1ViewController.swift in Sources */ = {isa = PBXBuildFile; fileRef = 26DFAA4E2882F5B600ADEEE5 /* FamChat1ViewController.swift */; };
		26DFAA512883014A00ADEEE5 /* GoogleService-Info.plist in Resources */ = {isa = PBXBuildFile; fileRef = 26DFAA502883014A00ADEEE5 /* GoogleService-Info.plist */; };
		26DFAA542883021400ADEEE5 /* FirebaseAuth in Frameworks */ = {isa = PBXBuildFile; productRef = 26DFAA532883021400ADEEE5 /* FirebaseAuth */; };
		26DFAA562883021400ADEEE5 /* FirebaseFirestore in Frameworks */ = {isa = PBXBuildFile; productRef = 26DFAA552883021400ADEEE5 /* FirebaseFirestore */; };
		26DFAA582883021400ADEEE5 /* FirebaseStorage in Frameworks */ = {isa = PBXBuildFile; productRef = 26DFAA572883021400ADEEE5 /* FirebaseStorage */; };
		26E672692882DA7500DFC66F /* InputIDViewController.swift in Sources */ = {isa = PBXBuildFile; fileRef = 26E672682882DA7500DFC66F /* InputIDViewController.swift */; };
		26E6726B2882DAB000DFC66F /* LoginInstaViewController.swift in Sources */ = {isa = PBXBuildFile; fileRef = 26E6726A2882DAB000DFC66F /* LoginInstaViewController.swift */; };
		26E6726E2882DAF400DFC66F /* Extension.swift in Sources */ = {isa = PBXBuildFile; fileRef = 26E6726D2882DAF400DFC66F /* Extension.swift */; };
		D6AB2ED0903A1ABE48BABD06 /* Pods_HelloBot.framework in Frameworks */ = {isa = PBXBuildFile; fileRef = 560089DF8C7D7245D62EAD48 /* Pods_HelloBot.framework */; };
/* End PBXBuildFile section */

/* Begin PBXFileReference section */
		264B7FE62882A25900CA6848 /* HelloBot.app */ = {isa = PBXFileReference; explicitFileType = wrapper.application; includeInIndex = 0; path = HelloBot.app; sourceTree = BUILT_PRODUCTS_DIR; };
		264B7FE92882A25900CA6848 /* AppDelegate.swift */ = {isa = PBXFileReference; lastKnownFileType = sourcecode.swift; path = AppDelegate.swift; sourceTree = "<group>"; };
		264B7FEB2882A25900CA6848 /* SceneDelegate.swift */ = {isa = PBXFileReference; lastKnownFileType = sourcecode.swift; path = SceneDelegate.swift; sourceTree = "<group>"; };
		264B7FED2882A25900CA6848 /* ViewController.swift */ = {isa = PBXFileReference; lastKnownFileType = sourcecode.swift; path = ViewController.swift; sourceTree = "<group>"; };
		264B7FF02882A25900CA6848 /* Base */ = {isa = PBXFileReference; lastKnownFileType = file.storyboard; name = Base; path = Base.lproj/Main.storyboard; sourceTree = "<group>"; };
		264B7FF22882A26300CA6848 /* Assets.xcassets */ = {isa = PBXFileReference; lastKnownFileType = folder.assetcatalog; path = Assets.xcassets; sourceTree = "<group>"; };
		264B7FF52882A26300CA6848 /* Base */ = {isa = PBXFileReference; lastKnownFileType = file.storyboard; name = Base; path = Base.lproj/LaunchScreen.storyboard; sourceTree = "<group>"; };
		264B7FF72882A26300CA6848 /* Info.plist */ = {isa = PBXFileReference; lastKnownFileType = text.plist.xml; path = Info.plist; sourceTree = "<group>"; };
		26810530288B1FED007BB7A6 /* FamChat2ViewController.swift */ = {isa = PBXFileReference; lastKnownFileType = sourcecode.swift; path = FamChat2ViewController.swift; sourceTree = "<group>"; };
		26810533288B246C007BB7A6 /* CollaborationChatViewController.swift */ = {isa = PBXFileReference; lastKnownFileType = sourcecode.swift; path = CollaborationChatViewController.swift; sourceTree = "<group>"; };
		26810536288B25CF007BB7A6 /* SurveyWebViewController.swift */ = {isa = PBXFileReference; lastKnownFileType = sourcecode.swift; path = SurveyWebViewController.swift; sourceTree = "<group>"; };
		26810538288B26CB007BB7A6 /* CollaborationReadyViewController.swift */ = {isa = PBXFileReference; lastKnownFileType = sourcecode.swift; path = CollaborationReadyViewController.swift; sourceTree = "<group>"; };
		2681053C288F1936007BB7A6 /* HelloBot.entitlements */ = {isa = PBXFileReference; lastKnownFileType = text.plist.entitlements; path = HelloBot.entitlements; sourceTree = "<group>"; };
		26C263E22883EC86005FCB68 /* Chat.swift */ = {isa = PBXFileReference; fileEncoding = 4; lastKnownFileType = sourcecode.swift; path = Chat.swift; sourceTree = "<group>"; };
		26C263E32883EC86005FCB68 /* Message.swift */ = {isa = PBXFileReference; fileEncoding = 4; lastKnownFileType = sourcecode.swift; path = Message.swift; sourceTree = "<group>"; };
		26C263E42883EC86005FCB68 /* DataStructure.swift */ = {isa = PBXFileReference; fileEncoding = 4; lastKnownFileType = sourcecode.swift; path = DataStructure.swift; sourceTree = "<group>"; };
		26DFAA412882E30800ADEEE5 /* LoginViewController.swift */ = {isa = PBXFileReference; lastKnownFileType = sourcecode.swift; path = LoginViewController.swift; sourceTree = "<group>"; };
		26DFAA482882F29100ADEEE5 /* TopicMatchingViewController.swift */ = {isa = PBXFileReference; lastKnownFileType = sourcecode.swift; path = TopicMatchingViewController.swift; sourceTree = "<group>"; };
		26DFAA4E2882F5B600ADEEE5 /* FamChat1ViewController.swift */ = {isa = PBXFileReference; lastKnownFileType = sourcecode.swift; path = FamChat1ViewController.swift; sourceTree = "<group>"; };
		26DFAA502883014A00ADEEE5 /* GoogleService-Info.plist */ = {isa = PBXFileReference; fileEncoding = 4; lastKnownFileType = text.plist.xml; path = "GoogleService-Info.plist"; sourceTree = "<group>"; };
		26E672682882DA7500DFC66F /* InputIDViewController.swift */ = {isa = PBXFileReference; lastKnownFileType = sourcecode.swift; path = InputIDViewController.swift; sourceTree = "<group>"; };
		26E6726A2882DAB000DFC66F /* LoginInstaViewController.swift */ = {isa = PBXFileReference; lastKnownFileType = sourcecode.swift; path = LoginInstaViewController.swift; sourceTree = "<group>"; };
		26E6726D2882DAF400DFC66F /* Extension.swift */ = {isa = PBXFileReference; lastKnownFileType = sourcecode.swift; path = Extension.swift; sourceTree = "<group>"; };
		560089DF8C7D7245D62EAD48 /* Pods_HelloBot.framework */ = {isa = PBXFileReference; explicitFileType = wrapper.framework; includeInIndex = 0; path = Pods_HelloBot.framework; sourceTree = BUILT_PRODUCTS_DIR; };
		900079FC6E8630ED1A318F8B /* Pods-HelloBot.release.xcconfig */ = {isa = PBXFileReference; includeInIndex = 1; lastKnownFileType = text.xcconfig; name = "Pods-HelloBot.release.xcconfig"; path = "Target Support Files/Pods-HelloBot/Pods-HelloBot.release.xcconfig"; sourceTree = "<group>"; };
		A22AD2B78F89F58C767DA3F8 /* Pods-HelloBot.debug.xcconfig */ = {isa = PBXFileReference; includeInIndex = 1; lastKnownFileType = text.xcconfig; name = "Pods-HelloBot.debug.xcconfig"; path = "Target Support Files/Pods-HelloBot/Pods-HelloBot.debug.xcconfig"; sourceTree = "<group>"; };
/* End PBXFileReference section */

/* Begin PBXFrameworksBuildPhase section */
		264B7FE32882A25900CA6848 /* Frameworks */ = {
			isa = PBXFrameworksBuildPhase;
			buildActionMask = 2147483647;
			files = (
				26DFAA472882E95900ADEEE5 /* SwiftagramCrypto in Frameworks */,
				26DFAA542883021400ADEEE5 /* FirebaseAuth in Frameworks */,
				D6AB2ED0903A1ABE48BABD06 /* Pods_HelloBot.framework in Frameworks */,
				26374EDB2886969700EB8932 /* TweeTextField in Frameworks */,
				26DFAA452882E95900ADEEE5 /* Swiftagram in Frameworks */,
				26DFAA582883021400ADEEE5 /* FirebaseStorage in Frameworks */,
				26DFAA4C2882F4BD00ADEEE5 /* MessageKit in Frameworks */,
				26DFAA562883021400ADEEE5 /* FirebaseFirestore in Frameworks */,
			);
			runOnlyForDeploymentPostprocessing = 0;
		};
/* End PBXFrameworksBuildPhase section */

/* Begin PBXGroup section */
		264B7FDD2882A25900CA6848 = {
			isa = PBXGroup;
			children = (
				264B7FE82882A25900CA6848 /* HelloBot */,
				264B7FE72882A25900CA6848 /* Products */,
				3C3B3789628883015A036139 /* Pods */,
				E0FCA91FD457366BA81273D7 /* Frameworks */,
			);
			sourceTree = "<group>";
		};
		264B7FE72882A25900CA6848 /* Products */ = {
			isa = PBXGroup;
			children = (
				264B7FE62882A25900CA6848 /* HelloBot.app */,
			);
			name = Products;
			sourceTree = "<group>";
		};
		264B7FE82882A25900CA6848 /* HelloBot */ = {
			isa = PBXGroup;
			children = (
				2681053C288F1936007BB7A6 /* HelloBot.entitlements */,
				26DFAA502883014A00ADEEE5 /* GoogleService-Info.plist */,
				26810535288B25C2007BB7A6 /* 4-survey */,
				26810532288B245B007BB7A6 /* 3-collaboration-chat */,
				26C263E12883EC86005FCB68 /* Model */,
				26DFAA4D2882F51A00ADEEE5 /* 2-familiarization-chat */,
				26E6726C2882DAE300DFC66F /* 0-extension */,
				26E672672882DA3900DFC66F /* 1-configuration */,
				264B7FE92882A25900CA6848 /* AppDelegate.swift */,
				264B7FEB2882A25900CA6848 /* SceneDelegate.swift */,
				264B7FED2882A25900CA6848 /* ViewController.swift */,
				264B7FEF2882A25900CA6848 /* Main.storyboard */,
				264B7FF22882A26300CA6848 /* Assets.xcassets */,
				264B7FF42882A26300CA6848 /* LaunchScreen.storyboard */,
				264B7FF72882A26300CA6848 /* Info.plist */,
			);
			path = HelloBot;
			sourceTree = "<group>";
		};
		26810532288B245B007BB7A6 /* 3-collaboration-chat */ = {
			isa = PBXGroup;
			children = (
				26810533288B246C007BB7A6 /* CollaborationChatViewController.swift */,
			);
			path = "3-collaboration-chat";
			sourceTree = "<group>";
		};
		26810535288B25C2007BB7A6 /* 4-survey */ = {
			isa = PBXGroup;
			children = (
				26810536288B25CF007BB7A6 /* SurveyWebViewController.swift */,
			);
			path = "4-survey";
			sourceTree = "<group>";
		};
		26C263E12883EC86005FCB68 /* Model */ = {
			isa = PBXGroup;
			children = (
				26C263E22883EC86005FCB68 /* Chat.swift */,
				26C263E32883EC86005FCB68 /* Message.swift */,
				26C263E42883EC86005FCB68 /* DataStructure.swift */,
			);
			path = Model;
			sourceTree = "<group>";
		};
		26DFAA4D2882F51A00ADEEE5 /* 2-familiarization-chat */ = {
			isa = PBXGroup;
			children = (
				26DFAA4E2882F5B600ADEEE5 /* FamChat1ViewController.swift */,
				26810530288B1FED007BB7A6 /* FamChat2ViewController.swift */,
				26810538288B26CB007BB7A6 /* CollaborationReadyViewController.swift */,
			);
			path = "2-familiarization-chat";
			sourceTree = "<group>";
		};
		26E672672882DA3900DFC66F /* 1-configuration */ = {
			isa = PBXGroup;
			children = (
				26E672682882DA7500DFC66F /* InputIDViewController.swift */,
				26DFAA482882F29100ADEEE5 /* TopicMatchingViewController.swift */,
				26E6726A2882DAB000DFC66F /* LoginInstaViewController.swift */,
				26DFAA412882E30800ADEEE5 /* LoginViewController.swift */,
			);
			path = "1-configuration";
			sourceTree = "<group>";
		};
		26E6726C2882DAE300DFC66F /* 0-extension */ = {
			isa = PBXGroup;
			children = (
				26E6726D2882DAF400DFC66F /* Extension.swift */,
			);
			path = "0-extension";
			sourceTree = "<group>";
		};
		3C3B3789628883015A036139 /* Pods */ = {
			isa = PBXGroup;
			children = (
				A22AD2B78F89F58C767DA3F8 /* Pods-HelloBot.debug.xcconfig */,
				900079FC6E8630ED1A318F8B /* Pods-HelloBot.release.xcconfig */,
			);
			path = Pods;
			sourceTree = "<group>";
		};
		E0FCA91FD457366BA81273D7 /* Frameworks */ = {
			isa = PBXGroup;
			children = (
				560089DF8C7D7245D62EAD48 /* Pods_HelloBot.framework */,
			);
			name = Frameworks;
			sourceTree = "<group>";
		};
/* End PBXGroup section */

/* Begin PBXNativeTarget section */
		264B7FE52882A25900CA6848 /* HelloBot */ = {
			isa = PBXNativeTarget;
			buildConfigurationList = 264B7FFA2882A26300CA6848 /* Build configuration list for PBXNativeTarget "HelloBot" */;
			buildPhases = (
				F5E63DD588D844AE31ABC8EA /* [CP] Check Pods Manifest.lock */,
				264B7FE22882A25900CA6848 /* Sources */,
				264B7FE32882A25900CA6848 /* Frameworks */,
				264B7FE42882A25900CA6848 /* Resources */,
				C4B88D5A3B442A7BDC2CC022 /* [CP] Embed Pods Frameworks */,
			);
			buildRules = (
			);
			dependencies = (
			);
			name = HelloBot;
			packageProductDependencies = (
				26DFAA442882E95900ADEEE5 /* Swiftagram */,
				26DFAA462882E95900ADEEE5 /* SwiftagramCrypto */,
				26DFAA4B2882F4BD00ADEEE5 /* MessageKit */,
				26DFAA532883021400ADEEE5 /* FirebaseAuth */,
				26DFAA552883021400ADEEE5 /* FirebaseFirestore */,
				26DFAA572883021400ADEEE5 /* FirebaseStorage */,
				26374EDA2886969700EB8932 /* TweeTextField */,
			);
			productName = HelloBot;
			productReference = 264B7FE62882A25900CA6848 /* HelloBot.app */;
			productType = "com.apple.product-type.application";
		};
/* End PBXNativeTarget section */

/* Begin PBXProject section */
		264B7FDE2882A25900CA6848 /* Project object */ = {
			isa = PBXProject;
			attributes = {
				BuildIndependentTargetsInParallel = 1;
				LastSwiftUpdateCheck = 1330;
				LastUpgradeCheck = 1330;
				TargetAttributes = {
					264B7FE52882A25900CA6848 = {
						CreatedOnToolsVersion = 13.3;
					};
				};
			};
			buildConfigurationList = 264B7FE12882A25900CA6848 /* Build configuration list for PBXProject "HelloBot" */;
			compatibilityVersion = "Xcode 13.0";
			developmentRegion = en;
			hasScannedForEncodings = 0;
			knownRegions = (
				en,
				Base,
			);
			mainGroup = 264B7FDD2882A25900CA6848;
			packageReferences = (
				26DFAA432882E95900ADEEE5 /* XCRemoteSwiftPackageReference "Swiftagram" */,
				26DFAA4A2882F4BD00ADEEE5 /* XCRemoteSwiftPackageReference "MessageKit" */,
				26DFAA522883021400ADEEE5 /* XCRemoteSwiftPackageReference "firebase-ios-sdk" */,
				26374ED92886969700EB8932 /* XCRemoteSwiftPackageReference "TweeTextField" */,
			);
			productRefGroup = 264B7FE72882A25900CA6848 /* Products */;
			projectDirPath = "";
			projectRoot = "";
			targets = (
				264B7FE52882A25900CA6848 /* HelloBot */,
			);
		};
/* End PBXProject section */

/* Begin PBXResourcesBuildPhase section */
		264B7FE42882A25900CA6848 /* Resources */ = {
			isa = PBXResourcesBuildPhase;
			buildActionMask = 2147483647;
			files = (
				264B7FF62882A26300CA6848 /* LaunchScreen.storyboard in Resources */,
				26DFAA512883014A00ADEEE5 /* GoogleService-Info.plist in Resources */,
				264B7FF32882A26300CA6848 /* Assets.xcassets in Resources */,
				264B7FF12882A25900CA6848 /* Main.storyboard in Resources */,
			);
			runOnlyForDeploymentPostprocessing = 0;
		};
/* End PBXResourcesBuildPhase section */

/* Begin PBXShellScriptBuildPhase section */
		C4B88D5A3B442A7BDC2CC022 /* [CP] Embed Pods Frameworks */ = {
			isa = PBXShellScriptBuildPhase;
			buildActionMask = 2147483647;
			files = (
			);
			inputFileListPaths = (
				"${PODS_ROOT}/Target Support Files/Pods-HelloBot/Pods-HelloBot-frameworks-${CONFIGURATION}-input-files.xcfilelist",
			);
			name = "[CP] Embed Pods Frameworks";
			outputFileListPaths = (
				"${PODS_ROOT}/Target Support Files/Pods-HelloBot/Pods-HelloBot-frameworks-${CONFIGURATION}-output-files.xcfilelist",
			);
			runOnlyForDeploymentPostprocessing = 0;
			shellPath = /bin/sh;
			shellScript = "\"${PODS_ROOT}/Target Support Files/Pods-HelloBot/Pods-HelloBot-frameworks.sh\"\n";
			showEnvVarsInLog = 0;
		};
		F5E63DD588D844AE31ABC8EA /* [CP] Check Pods Manifest.lock */ = {
			isa = PBXShellScriptBuildPhase;
			buildActionMask = 2147483647;
			files = (
			);
			inputFileListPaths = (
			);
			inputPaths = (
				"${PODS_PODFILE_DIR_PATH}/Podfile.lock",
				"${PODS_ROOT}/Manifest.lock",
			);
			name = "[CP] Check Pods Manifest.lock";
			outputFileListPaths = (
			);
			outputPaths = (
				"$(DERIVED_FILE_DIR)/Pods-HelloBot-checkManifestLockResult.txt",
			);
			runOnlyForDeploymentPostprocessing = 0;
			shellPath = /bin/sh;
			shellScript = "diff \"${PODS_PODFILE_DIR_PATH}/Podfile.lock\" \"${PODS_ROOT}/Manifest.lock\" > /dev/null\nif [ $? != 0 ] ; then\n    # print error to STDERR\n    echo \"error: The sandbox is not in sync with the Podfile.lock. Run 'pod install' or update your CocoaPods installation.\" >&2\n    exit 1\nfi\n# This output is used by Xcode 'outputs' to avoid re-running this script phase.\necho \"SUCCESS\" > \"${SCRIPT_OUTPUT_FILE_0}\"\n";
			showEnvVarsInLog = 0;
		};
/* End PBXShellScriptBuildPhase section */

/* Begin PBXSourcesBuildPhase section */
		264B7FE22882A25900CA6848 /* Sources */ = {
			isa = PBXSourcesBuildPhase;
			buildActionMask = 2147483647;
			files = (
				26DFAA422882E30800ADEEE5 /* LoginViewController.swift in Sources */,
				264B7FEE2882A25900CA6848 /* ViewController.swift in Sources */,
				26810534288B246C007BB7A6 /* CollaborationChatViewController.swift in Sources */,
				26DFAA492882F29100ADEEE5 /* TopicMatchingViewController.swift in Sources */,
				26C263E52883EC86005FCB68 /* Chat.swift in Sources */,
				26810531288B1FED007BB7A6 /* FamChat2ViewController.swift in Sources */,
				26E672692882DA7500DFC66F /* InputIDViewController.swift in Sources */,
				26810537288B25CF007BB7A6 /* SurveyWebViewController.swift in Sources */,
				26E6726B2882DAB000DFC66F /* LoginInstaViewController.swift in Sources */,
				26C263E62883EC86005FCB68 /* Message.swift in Sources */,
				26E6726E2882DAF400DFC66F /* Extension.swift in Sources */,
				26DFAA4F2882F5B600ADEEE5 /* FamChat1ViewController.swift in Sources */,
				26C263E72883EC86005FCB68 /* DataStructure.swift in Sources */,
				264B7FEA2882A25900CA6848 /* AppDelegate.swift in Sources */,
				26810539288B26CB007BB7A6 /* CollaborationReadyViewController.swift in Sources */,
				264B7FEC2882A25900CA6848 /* SceneDelegate.swift in Sources */,
			);
			runOnlyForDeploymentPostprocessing = 0;
		};
/* End PBXSourcesBuildPhase section */

/* Begin PBXVariantGroup section */
		264B7FEF2882A25900CA6848 /* Main.storyboard */ = {
			isa = PBXVariantGroup;
			children = (
				264B7FF02882A25900CA6848 /* Base */,
			);
			name = Main.storyboard;
			sourceTree = "<group>";
		};
		264B7FF42882A26300CA6848 /* LaunchScreen.storyboard */ = {
			isa = PBXVariantGroup;
			children = (
				264B7FF52882A26300CA6848 /* Base */,
			);
			name = LaunchScreen.storyboard;
			sourceTree = "<group>";
		};
/* End PBXVariantGroup section */

/* Begin XCBuildConfiguration section */
		264B7FF82882A26300CA6848 /* Debug */ = {
			isa = XCBuildConfiguration;
			buildSettings = {
				ALWAYS_SEARCH_USER_PATHS = NO;
				CLANG_ANALYZER_NONNULL = YES;
				CLANG_ANALYZER_NUMBER_OBJECT_CONVERSION = YES_AGGRESSIVE;
				CLANG_CXX_LANGUAGE_STANDARD = "gnu++17";
				CLANG_ENABLE_MODULES = YES;
				CLANG_ENABLE_OBJC_ARC = YES;
				CLANG_ENABLE_OBJC_WEAK = YES;
				CLANG_WARN_BLOCK_CAPTURE_AUTORELEASING = YES;
				CLANG_WARN_BOOL_CONVERSION = YES;
				CLANG_WARN_COMMA = YES;
				CLANG_WARN_CONSTANT_CONVERSION = YES;
				CLANG_WARN_DEPRECATED_OBJC_IMPLEMENTATIONS = YES;
				CLANG_WARN_DIRECT_OBJC_ISA_USAGE = YES_ERROR;
				CLANG_WARN_DOCUMENTATION_COMMENTS = YES;
				CLANG_WARN_EMPTY_BODY = YES;
				CLANG_WARN_ENUM_CONVERSION = YES;
				CLANG_WARN_INFINITE_RECURSION = YES;
				CLANG_WARN_INT_CONVERSION = YES;
				CLANG_WARN_NON_LITERAL_NULL_CONVERSION = YES;
				CLANG_WARN_OBJC_IMPLICIT_RETAIN_SELF = YES;
				CLANG_WARN_OBJC_LITERAL_CONVERSION = YES;
				CLANG_WARN_OBJC_ROOT_CLASS = YES_ERROR;
				CLANG_WARN_QUOTED_INCLUDE_IN_FRAMEWORK_HEADER = YES;
				CLANG_WARN_RANGE_LOOP_ANALYSIS = YES;
				CLANG_WARN_STRICT_PROTOTYPES = YES;
				CLANG_WARN_SUSPICIOUS_MOVE = YES;
				CLANG_WARN_UNGUARDED_AVAILABILITY = YES_AGGRESSIVE;
				CLANG_WARN_UNREACHABLE_CODE = YES;
				CLANG_WARN__DUPLICATE_METHOD_MATCH = YES;
				COPY_PHASE_STRIP = NO;
				DEBUG_INFORMATION_FORMAT = dwarf;
				ENABLE_STRICT_OBJC_MSGSEND = YES;
				ENABLE_TESTABILITY = YES;
				GCC_C_LANGUAGE_STANDARD = gnu11;
				GCC_DYNAMIC_NO_PIC = NO;
				GCC_NO_COMMON_BLOCKS = YES;
				GCC_OPTIMIZATION_LEVEL = 0;
				GCC_PREPROCESSOR_DEFINITIONS = (
					"DEBUG=1",
					"$(inherited)",
				);
				GCC_WARN_64_TO_32_BIT_CONVERSION = YES;
				GCC_WARN_ABOUT_RETURN_TYPE = YES_ERROR;
				GCC_WARN_UNDECLARED_SELECTOR = YES;
				GCC_WARN_UNINITIALIZED_AUTOS = YES_AGGRESSIVE;
				GCC_WARN_UNUSED_FUNCTION = YES;
				GCC_WARN_UNUSED_VARIABLE = YES;
				IPHONEOS_DEPLOYMENT_TARGET = 13.0;
				MTL_ENABLE_DEBUG_INFO = INCLUDE_SOURCE;
				MTL_FAST_MATH = YES;
				ONLY_ACTIVE_ARCH = YES;
				SDKROOT = iphoneos;
				SWIFT_ACTIVE_COMPILATION_CONDITIONS = DEBUG;
				SWIFT_OPTIMIZATION_LEVEL = "-Onone";
			};
			name = Debug;
		};
		264B7FF92882A26300CA6848 /* Release */ = {
			isa = XCBuildConfiguration;
			buildSettings = {
				ALWAYS_SEARCH_USER_PATHS = NO;
				CLANG_ANALYZER_NONNULL = YES;
				CLANG_ANALYZER_NUMBER_OBJECT_CONVERSION = YES_AGGRESSIVE;
				CLANG_CXX_LANGUAGE_STANDARD = "gnu++17";
				CLANG_ENABLE_MODULES = YES;
				CLANG_ENABLE_OBJC_ARC = YES;
				CLANG_ENABLE_OBJC_WEAK = YES;
				CLANG_WARN_BLOCK_CAPTURE_AUTORELEASING = YES;
				CLANG_WARN_BOOL_CONVERSION = YES;
				CLANG_WARN_COMMA = YES;
				CLANG_WARN_CONSTANT_CONVERSION = YES;
				CLANG_WARN_DEPRECATED_OBJC_IMPLEMENTATIONS = YES;
				CLANG_WARN_DIRECT_OBJC_ISA_USAGE = YES_ERROR;
				CLANG_WARN_DOCUMENTATION_COMMENTS = YES;
				CLANG_WARN_EMPTY_BODY = YES;
				CLANG_WARN_ENUM_CONVERSION = YES;
				CLANG_WARN_INFINITE_RECURSION = YES;
				CLANG_WARN_INT_CONVERSION = YES;
				CLANG_WARN_NON_LITERAL_NULL_CONVERSION = YES;
				CLANG_WARN_OBJC_IMPLICIT_RETAIN_SELF = YES;
				CLANG_WARN_OBJC_LITERAL_CONVERSION = YES;
				CLANG_WARN_OBJC_ROOT_CLASS = YES_ERROR;
				CLANG_WARN_QUOTED_INCLUDE_IN_FRAMEWORK_HEADER = YES;
				CLANG_WARN_RANGE_LOOP_ANALYSIS = YES;
				CLANG_WARN_STRICT_PROTOTYPES = YES;
				CLANG_WARN_SUSPICIOUS_MOVE = YES;
				CLANG_WARN_UNGUARDED_AVAILABILITY = YES_AGGRESSIVE;
				CLANG_WARN_UNREACHABLE_CODE = YES;
				CLANG_WARN__DUPLICATE_METHOD_MATCH = YES;
				COPY_PHASE_STRIP = NO;
				DEBUG_INFORMATION_FORMAT = "dwarf-with-dsym";
				ENABLE_NS_ASSERTIONS = NO;
				ENABLE_STRICT_OBJC_MSGSEND = YES;
				GCC_C_LANGUAGE_STANDARD = gnu11;
				GCC_NO_COMMON_BLOCKS = YES;
				GCC_WARN_64_TO_32_BIT_CONVERSION = YES;
				GCC_WARN_ABOUT_RETURN_TYPE = YES_ERROR;
				GCC_WARN_UNDECLARED_SELECTOR = YES;
				GCC_WARN_UNINITIALIZED_AUTOS = YES_AGGRESSIVE;
				GCC_WARN_UNUSED_FUNCTION = YES;
				GCC_WARN_UNUSED_VARIABLE = YES;
				IPHONEOS_DEPLOYMENT_TARGET = 13.0;
				MTL_ENABLE_DEBUG_INFO = NO;
				MTL_FAST_MATH = YES;
				SDKROOT = iphoneos;
				SWIFT_COMPILATION_MODE = wholemodule;
				SWIFT_OPTIMIZATION_LEVEL = "-O";
				VALIDATE_PRODUCT = YES;
			};
			name = Release;
		};
		264B7FFB2882A26300CA6848 /* Debug */ = {
			isa = XCBuildConfiguration;
			baseConfigurationReference = A22AD2B78F89F58C767DA3F8 /* Pods-HelloBot.debug.xcconfig */;
			buildSettings = {
				ASSETCATALOG_COMPILER_APPICON_NAME = AppIcon;
				ASSETCATALOG_COMPILER_GLOBAL_ACCENT_COLOR_NAME = AccentColor;
				CODE_SIGN_ENTITLEMENTS = HelloBot/HelloBot.entitlements;
				CODE_SIGN_STYLE = Automatic;
				CURRENT_PROJECT_VERSION = 2;
				DEVELOPMENT_TEAM = CJG8NYLG53;
				GENERATE_INFOPLIST_FILE = YES;
				INFOPLIST_FILE = HelloBot/Info.plist;
				INFOPLIST_KEY_UIApplicationSupportsIndirectInputEvents = YES;
				INFOPLIST_KEY_UILaunchStoryboardName = LaunchScreen;
				INFOPLIST_KEY_UIMainStoryboardFile = Main;
				INFOPLIST_KEY_UISupportedInterfaceOrientations = UIInterfaceOrientationPortrait;
				INFOPLIST_KEY_UISupportedInterfaceOrientations_iPad = "UIInterfaceOrientationPortrait UIInterfaceOrientationPortraitUpsideDown UIInterfaceOrientationLandscapeLeft UIInterfaceOrientationLandscapeRight";
				INFOPLIST_KEY_UISupportedInterfaceOrientations_iPhone = "UIInterfaceOrientationPortrait UIInterfaceOrientationLandscapeLeft UIInterfaceOrientationLandscapeRight";
				IPHONEOS_DEPLOYMENT_TARGET = 13.0;
				LD_RUNPATH_SEARCH_PATHS = (
					"$(inherited)",
					"@executable_path/Frameworks",
				);
				MARKETING_VERSION = 1.0;
				PRODUCT_BUNDLE_IDENTIFIER = edu.uw.HelloBot;
				PRODUCT_NAME = "$(TARGET_NAME)";
				SWIFT_EMIT_LOC_STRINGS = YES;
				SWIFT_VERSION = 5.0;
				TARGETED_DEVICE_FAMILY = 1;
			};
			name = Debug;
		};
		264B7FFC2882A26300CA6848 /* Release */ = {
			isa = XCBuildConfiguration;
			baseConfigurationReference = 900079FC6E8630ED1A318F8B /* Pods-HelloBot.release.xcconfig */;
			buildSettings = {
				ASSETCATALOG_COMPILER_APPICON_NAME = AppIcon;
				ASSETCATALOG_COMPILER_GLOBAL_ACCENT_COLOR_NAME = AccentColor;
				CODE_SIGN_ENTITLEMENTS = HelloBot/HelloBot.entitlements;
				CODE_SIGN_STYLE = Automatic;
				CURRENT_PROJECT_VERSION = 2;
				DEVELOPMENT_TEAM = CJG8NYLG53;
				GENERATE_INFOPLIST_FILE = YES;
				INFOPLIST_FILE = HelloBot/Info.plist;
				INFOPLIST_KEY_UIApplicationSupportsIndirectInputEvents = YES;
				INFOPLIST_KEY_UILaunchStoryboardName = LaunchScreen;
				INFOPLIST_KEY_UIMainStoryboardFile = Main;
				INFOPLIST_KEY_UISupportedInterfaceOrientations = UIInterfaceOrientationPortrait;
				INFOPLIST_KEY_UISupportedInterfaceOrientations_iPad = "UIInterfaceOrientationPortrait UIInterfaceOrientationPortraitUpsideDown UIInterfaceOrientationLandscapeLeft UIInterfaceOrientationLandscapeRight";
				INFOPLIST_KEY_UISupportedInterfaceOrientations_iPhone = "UIInterfaceOrientationPortrait UIInterfaceOrientationLandscapeLeft UIInterfaceOrientationLandscapeRight";
				IPHONEOS_DEPLOYMENT_TARGET = 13.0;
				LD_RUNPATH_SEARCH_PATHS = (
					"$(inherited)",
					"@executable_path/Frameworks",
				);
				MARKETING_VERSION = 1.0;
				PRODUCT_BUNDLE_IDENTIFIER = edu.uw.HelloBot;
				PRODUCT_NAME = "$(TARGET_NAME)";
				SWIFT_EMIT_LOC_STRINGS = YES;
				SWIFT_VERSION = 5.0;
				TARGETED_DEVICE_FAMILY = 1;
			};
			name = Release;
		};
/* End XCBuildConfiguration section */

/* Begin XCConfigurationList section */
		264B7FE12882A25900CA6848 /* Build configuration list for PBXProject "HelloBot" */ = {
			isa = XCConfigurationList;
			buildConfigurations = (
				264B7FF82882A26300CA6848 /* Debug */,
				264B7FF92882A26300CA6848 /* Release */,
			);
			defaultConfigurationIsVisible = 0;
			defaultConfigurationName = Release;
		};
		264B7FFA2882A26300CA6848 /* Build configuration list for PBXNativeTarget "HelloBot" */ = {
			isa = XCConfigurationList;
			buildConfigurations = (
				264B7FFB2882A26300CA6848 /* Debug */,
				264B7FFC2882A26300CA6848 /* Release */,
			);
			defaultConfigurationIsVisible = 0;
			defaultConfigurationName = Release;
		};
/* End XCConfigurationList section */

/* Begin XCRemoteSwiftPackageReference section */
		26374ED92886969700EB8932 /* XCRemoteSwiftPackageReference "TweeTextField" */ = {
			isa = XCRemoteSwiftPackageReference;
			repositoryURL = "https://github.com/oleghnidets/TweeTextField.git";
			requirement = {
				kind = upToNextMajorVersion;
				minimumVersion = 1.0.0;
			};
		};
		26DFAA432882E95900ADEEE5 /* XCRemoteSwiftPackageReference "Swiftagram" */ = {
			isa = XCRemoteSwiftPackageReference;
			repositoryURL = "https://github.com/sbertix/Swiftagram.git";
			requirement = {
				kind = exactVersion;
				version = 4.2.4;
			};
		};
		26DFAA4A2882F4BD00ADEEE5 /* XCRemoteSwiftPackageReference "MessageKit" */ = {
			isa = XCRemoteSwiftPackageReference;
			repositoryURL = "https://github.com/MessageKit/MessageKit";
			requirement = {
				kind = upToNextMajorVersion;
				minimumVersion = 3.0.0;
			};
		};
		26DFAA522883021400ADEEE5 /* XCRemoteSwiftPackageReference "firebase-ios-sdk" */ = {
			isa = XCRemoteSwiftPackageReference;
			repositoryURL = "https://github.com/firebase/firebase-ios-sdk";
			requirement = {
				kind = upToNextMajorVersion;
				minimumVersion = 9.0.0;
			};
		};
/* End XCRemoteSwiftPackageReference section */

/* Begin XCSwiftPackageProductDependency section */
		26374EDA2886969700EB8932 /* TweeTextField */ = {
			isa = XCSwiftPackageProductDependency;
			package = 26374ED92886969700EB8932 /* XCRemoteSwiftPackageReference "TweeTextField" */;
			productName = TweeTextField;
		};
		26DFAA442882E95900ADEEE5 /* Swiftagram */ = {
			isa = XCSwiftPackageProductDependency;
			package = 26DFAA432882E95900ADEEE5 /* XCRemoteSwiftPackageReference "Swiftagram" */;
			productName = Swiftagram;
		};
		26DFAA462882E95900ADEEE5 /* SwiftagramCrypto */ = {
			isa = XCSwiftPackageProductDependency;
			package = 26DFAA432882E95900ADEEE5 /* XCRemoteSwiftPackageReference "Swiftagram" */;
			productName = SwiftagramCrypto;
		};
		26DFAA4B2882F4BD00ADEEE5 /* MessageKit */ = {
			isa = XCSwiftPackageProductDependency;
			package = 26DFAA4A2882F4BD00ADEEE5 /* XCRemoteSwiftPackageReference "MessageKit" */;
			productName = MessageKit;
		};
		26DFAA532883021400ADEEE5 /* FirebaseAuth */ = {
			isa = XCSwiftPackageProductDependency;
			package = 26DFAA522883021400ADEEE5 /* XCRemoteSwiftPackageReference "firebase-ios-sdk" */;
			productName = FirebaseAuth;
		};
		26DFAA552883021400ADEEE5 /* FirebaseFirestore */ = {
			isa = XCSwiftPackageProductDependency;
			package = 26DFAA522883021400ADEEE5 /* XCRemoteSwiftPackageReference "firebase-ios-sdk" */;
			productName = FirebaseFirestore;
		};
		26DFAA572883021400ADEEE5 /* FirebaseStorage */ = {
			isa = XCSwiftPackageProductDependency;
			package = 26DFAA522883021400ADEEE5 /* XCRemoteSwiftPackageReference "firebase-ios-sdk" */;
			productName = FirebaseStorage;
		};
/* End XCSwiftPackageProductDependency section */
	};
	rootObject = 264B7FDE2882A25900CA6848 /* Project object */;
}
